// !$*UTF8*$!
{
	archiveVersion = 1;
	classes = {
	};
	objectVersion = 46;
	objects = {

/* Begin PBXBuildFile section */
		52D9AA0C1C0FB96C0020F976 /* ChatLogWriter.swift in Sources */ = {isa = PBXBuildFile; fileRef = 52D9AA081C0FB96C0020F976 /* ChatLogWriter.swift */; };
		52D9AA0D1C0FB96C0020F976 /* ChatRoom.swift in Sources */ = {isa = PBXBuildFile; fileRef = 52D9AA091C0FB96C0020F976 /* ChatRoom.swift */; };
		52D9AA0F1C0FB96C0020F976 /* Message.swift in Sources */ = {isa = PBXBuildFile; fileRef = 52D9AA0B1C0FB96C0020F976 /* Message.swift */; };
		C94F857E1C07F78400E17D5E /* AppDelegate.swift in Sources */ = {isa = PBXBuildFile; fileRef = C94F857D1C07F78400E17D5E /* AppDelegate.swift */; };
		C94F85801C07F78400E17D5E /* ViewTwo.swift in Sources */ = {isa = PBXBuildFile; fileRef = C94F857F1C07F78400E17D5E /* ViewTwo.swift */; };
		C94F85831C07F78400E17D5E /* Main.storyboard in Resources */ = {isa = PBXBuildFile; fileRef = C94F85811C07F78400E17D5E /* Main.storyboard */; };
		C94F85861C07F78400E17D5E /* Chat.xcdatamodeld in Sources */ = {isa = PBXBuildFile; fileRef = C94F85841C07F78400E17D5E /* Chat.xcdatamodeld */; };
		C94F85881C07F78400E17D5E /* Assets.xcassets in Resources */ = {isa = PBXBuildFile; fileRef = C94F85871C07F78400E17D5E /* Assets.xcassets */; };
		C94F858B1C07F78400E17D5E /* LaunchScreen.storyboard in Resources */ = {isa = PBXBuildFile; fileRef = C94F85891C07F78400E17D5E /* LaunchScreen.storyboard */; };
		C94F85931C07F79600E17D5E /* MultipeerConnectivity.framework in Frameworks */ = {isa = PBXBuildFile; fileRef = C94F85921C07F79600E17D5E /* MultipeerConnectivity.framework */; };
		C94F85951C08205300E17D5E /* MainView.swift in Sources */ = {isa = PBXBuildFile; fileRef = C94F85941C08205300E17D5E /* MainView.swift */; };
		C94F85971C0A592200E17D5E /* Singleton.swift in Sources */ = {isa = PBXBuildFile; fileRef = C94F85961C0A592200E17D5E /* Singleton.swift */; };
/* End PBXBuildFile section */

/* Begin PBXFileReference section */
		52D9AA081C0FB96C0020F976 /* ChatLogWriter.swift */ = {isa = PBXFileReference; fileEncoding = 4; lastKnownFileType = sourcecode.swift; path = ChatLogWriter.swift; sourceTree = "<group>"; };
		52D9AA091C0FB96C0020F976 /* ChatRoom.swift */ = {isa = PBXFileReference; fileEncoding = 4; lastKnownFileType = sourcecode.swift; path = ChatRoom.swift; sourceTree = "<group>"; };
		52D9AA0B1C0FB96C0020F976 /* Message.swift */ = {isa = PBXFileReference; fileEncoding = 4; lastKnownFileType = sourcecode.swift; path = Message.swift; sourceTree = "<group>"; };
		C94F857A1C07F78400E17D5E /* Chat.app */ = {isa = PBXFileReference; explicitFileType = wrapper.application; includeInIndex = 0; path = Chat.app; sourceTree = BUILT_PRODUCTS_DIR; };
		C94F857D1C07F78400E17D5E /* AppDelegate.swift */ = {isa = PBXFileReference; lastKnownFileType = sourcecode.swift; path = AppDelegate.swift; sourceTree = "<group>"; };
		C94F857F1C07F78400E17D5E /* ViewTwo.swift */ = {isa = PBXFileReference; lastKnownFileType = sourcecode.swift; path = ViewTwo.swift; sourceTree = "<group>"; };
		C94F85821C07F78400E17D5E /* Base */ = {isa = PBXFileReference; lastKnownFileType = file.storyboard; name = Base; path = Base.lproj/Main.storyboard; sourceTree = "<group>"; };
		C94F85851C07F78400E17D5E /* Chat.xcdatamodel */ = {isa = PBXFileReference; lastKnownFileType = wrapper.xcdatamodel; path = Chat.xcdatamodel; sourceTree = "<group>"; };
		C94F85871C07F78400E17D5E /* Assets.xcassets */ = {isa = PBXFileReference; lastKnownFileType = folder.assetcatalog; path = Assets.xcassets; sourceTree = "<group>"; };
		C94F858A1C07F78400E17D5E /* Base */ = {isa = PBXFileReference; lastKnownFileType = file.storyboard; name = Base; path = Base.lproj/LaunchScreen.storyboard; sourceTree = "<group>"; };
		C94F858C1C07F78400E17D5E /* Info.plist */ = {isa = PBXFileReference; lastKnownFileType = text.plist.xml; path = Info.plist; sourceTree = "<group>"; };
		C94F85921C07F79600E17D5E /* MultipeerConnectivity.framework */ = {isa = PBXFileReference; lastKnownFileType = wrapper.framework; name = MultipeerConnectivity.framework; path = System/Library/Frameworks/MultipeerConnectivity.framework; sourceTree = SDKROOT; };
		C94F85941C08205300E17D5E /* MainView.swift */ = {isa = PBXFileReference; fileEncoding = 4; lastKnownFileType = sourcecode.swift; path = MainView.swift; sourceTree = "<group>"; };
		C94F85961C0A592200E17D5E /* Singleton.swift */ = {isa = PBXFileReference; fileEncoding = 4; lastKnownFileType = sourcecode.swift; path = Singleton.swift; sourceTree = "<group>"; };
/* End PBXFileReference section */

/* Begin PBXFrameworksBuildPhase section */
		C94F85771C07F78400E17D5E /* Frameworks */ = {
			isa = PBXFrameworksBuildPhase;
			buildActionMask = 2147483647;
			files = (
				C94F85931C07F79600E17D5E /* MultipeerConnectivity.framework in Frameworks */,
			);
			runOnlyForDeploymentPostprocessing = 0;
		};
/* End PBXFrameworksBuildPhase section */

/* Begin PBXGroup section */
		C94F85711C07F78400E17D5E = {
			isa = PBXGroup;
			children = (
				C94F85921C07F79600E17D5E /* MultipeerConnectivity.framework */,
				C94F857C1C07F78400E17D5E /* Chat */,
				C94F857B1C07F78400E17D5E /* Products */,
			);
			sourceTree = "<group>";
		};
		C94F857B1C07F78400E17D5E /* Products */ = {
			isa = PBXGroup;
			children = (
				C94F857A1C07F78400E17D5E /* Chat.app */,
			);
			name = Products;
			sourceTree = "<group>";
		};
		C94F857C1C07F78400E17D5E /* Chat */ = {
			isa = PBXGroup;
			children = (
				52D9AA081C0FB96C0020F976 /* ChatLogWriter.swift */,
				52D9AA091C0FB96C0020F976 /* ChatRoom.swift */,
				52D9AA0B1C0FB96C0020F976 /* Message.swift */,
				C94F857D1C07F78400E17D5E /* AppDelegate.swift */,
				C94F857F1C07F78400E17D5E /* ViewTwo.swift */,
				C94F85941C08205300E17D5E /* MainView.swift */,
				C94F85811C07F78400E17D5E /* Main.storyboard */,
				C94F85961C0A592200E17D5E /* Singleton.swift */,
				C94F85871C07F78400E17D5E /* Assets.xcassets */,
				C94F85891C07F78400E17D5E /* LaunchScreen.storyboard */,
				C94F858C1C07F78400E17D5E /* Info.plist */,
				C94F85841C07F78400E17D5E /* Chat.xcdatamodeld */,
			);
			path = Chat;
			sourceTree = "<group>";
		};
/* End PBXGroup section */

/* Begin PBXNativeTarget section */
		C94F85791C07F78400E17D5E /* Chat */ = {
			isa = PBXNativeTarget;
			buildConfigurationList = C94F858F1C07F78400E17D5E /* Build configuration list for PBXNativeTarget "Chat" */;
			buildPhases = (
				C94F85761C07F78400E17D5E /* Sources */,
				C94F85771C07F78400E17D5E /* Frameworks */,
				C94F85781C07F78400E17D5E /* Resources */,
			);
			buildRules = (
			);
			dependencies = (
			);
			name = Chat;
			productName = Chat;
			productReference = C94F857A1C07F78400E17D5E /* Chat.app */;
			productType = "com.apple.product-type.application";
		};
/* End PBXNativeTarget section */

/* Begin PBXProject section */
		C94F85721C07F78400E17D5E /* Project object */ = {
			isa = PBXProject;
			attributes = {
				LastSwiftUpdateCheck = 0710;
				LastUpgradeCheck = 0710;
				ORGANIZATIONNAME = "Vishal Gill";
				TargetAttributes = {
					C94F85791C07F78400E17D5E = {
						CreatedOnToolsVersion = 7.1.1;
						DevelopmentTeam = 83QHXJVSSP;
					};
				};
			};
			buildConfigurationList = C94F85751C07F78400E17D5E /* Build configuration list for PBXProject "Chat" */;
			compatibilityVersion = "Xcode 3.2";
			developmentRegion = English;
			hasScannedForEncodings = 0;
			knownRegions = (
				en,
				Base,
			);
			mainGroup = C94F85711C07F78400E17D5E;
			productRefGroup = C94F857B1C07F78400E17D5E /* Products */;
			projectDirPath = "";
			projectRoot = "";
			targets = (
				C94F85791C07F78400E17D5E /* Chat */,
			);
		};
/* End PBXProject section */

/* Begin PBXResourcesBuildPhase section */
		C94F85781C07F78400E17D5E /* Resources */ = {
			isa = PBXResourcesBuildPhase;
			buildActionMask = 2147483647;
			files = (
				C94F858B1C07F78400E17D5E /* LaunchScreen.storyboard in Resources */,
				C94F85881C07F78400E17D5E /* Assets.xcassets in Resources */,
				C94F85831C07F78400E17D5E /* Main.storyboard in Resources */,
			);
			runOnlyForDeploymentPostprocessing = 0;
		};
/* End PBXResourcesBuildPhase section */

/* Begin PBXSourcesBuildPhase section */
		C94F85761C07F78400E17D5E /* Sources */ = {
			isa = PBXSourcesBuildPhase;
			buildActionMask = 2147483647;
			files = (
				C94F85861C07F78400E17D5E /* Chat.xcdatamodeld in Sources */,
				52D9AA0C1C0FB96C0020F976 /* ChatLogWriter.swift in Sources */,
				52D9AA0F1C0FB96C0020F976 /* Message.swift in Sources */,
				C94F85951C08205300E17D5E /* MainView.swift in Sources */,
				C94F85801C07F78400E17D5E /* ViewTwo.swift in Sources */,
				52D9AA0D1C0FB96C0020F976 /* ChatRoom.swift in Sources */,
				C94F85971C0A592200E17D5E /* Singleton.swift in Sources */,
				C94F857E1C07F78400E17D5E /* AppDelegate.swift in Sources */,
			);
			runOnlyForDeploymentPostprocessing = 0;
		};
/* End PBXSourcesBuildPhase section */

/* Begin PBXVariantGroup section */
		C94F85811C07F78400E17D5E /* Main.storyboard */ = {
			isa = PBXVariantGroup;
			children = (
				C94F85821C07F78400E17D5E /* Base */,
			);
			name = Main.storyboard;
			sourceTree = "<group>";
		};
		C94F85891C07F78400E17D5E /* LaunchScreen.storyboard */ = {
			isa = PBXVariantGroup;
			children = (
				C94F858A1C07F78400E17D5E /* Base */,
			);
			name = LaunchScreen.storyboard;
			sourceTree = "<group>";
		};
/* End PBXVariantGroup section */

/* Begin XCBuildConfiguration section */
		C94F858D1C07F78400E17D5E /* Debug */ = {
			isa = XCBuildConfiguration;
			buildSettings = {
				ALWAYS_SEARCH_USER_PATHS = NO;
				CLANG_CXX_LANGUAGE_STANDARD = "gnu++0x";
				CLANG_CXX_LIBRARY = "libc++";
				CLANG_ENABLE_MODULES = YES;
				CLANG_ENABLE_OBJC_ARC = YES;
				CLANG_WARN_BOOL_CONVERSION = YES;
				CLANG_WARN_CONSTANT_CONVERSION = YES;
				CLANG_WARN_DIRECT_OBJC_ISA_USAGE = YES_ERROR;
				CLANG_WARN_EMPTY_BODY = YES;
				CLANG_WARN_ENUM_CONVERSION = YES;
				CLANG_WARN_INT_CONVERSION = YES;
				CLANG_WARN_OBJC_ROOT_CLASS = YES_ERROR;
				CLANG_WARN_UNREACHABLE_CODE = YES;
				CLANG_WARN__DUPLICATE_METHOD_MATCH = YES;
				"CODE_SIGN_IDENTITY[sdk=iphoneos*]" = "iPhone Developer";
				COPY_PHASE_STRIP = NO;
				DEBUG_INFORMATION_FORMAT = dwarf;
				ENABLE_STRICT_OBJC_MSGSEND = YES;
				ENABLE_TESTABILITY = YES;
				GCC_C_LANGUAGE_STANDARD = gnu99;
				GCC_DYNAMIC_NO_PIC = NO;
				GCC_NO_COMMON_BLOCKS = YES;
				GCC_OPTIMIZATION_LEVEL = 0;
				GCC_PREPROCESSOR_DEFINITIONS = (
					"DEBUG=1",
					"$(inherited)",
				);
				GCC_WARN_64_TO_32_BIT_CONVERSION = YES;
				GCC_WARN_ABOUT_RETURN_TYPE = YES_ERROR;
				GCC_WARN_UNDECLARED_SELECTOR = YES;
				GCC_WARN_UNINITIALIZED_AUTOS = YES_AGGRESSIVE;
				GCC_WARN_UNUSED_FUNCTION = YES;
				GCC_WARN_UNUSED_VARIABLE = YES;
				IPHONEOS_DEPLOYMENT_TARGET = 9.1;
				MTL_ENABLE_DEBUG_INFO = YES;
				ONLY_ACTIVE_ARCH = YES;
				SDKROOT = iphoneos;
				SWIFT_OPTIMIZATION_LEVEL = "-Onone";
			};
			name = Debug;
		};
		C94F858E1C07F78400E17D5E /* Release */ = {
			isa = XCBuildConfiguration;
			buildSettings = {
				ALWAYS_SEARCH_USER_PATHS = NO;
				CLANG_CXX_LANGUAGE_STANDARD = "gnu++0x";
				CLANG_CXX_LIBRARY = "libc++";
				CLANG_ENABLE_MODULES = YES;
				CLANG_ENABLE_OBJC_ARC = YES;
				CLANG_WARN_BOOL_CONVERSION = YES;
				CLANG_WARN_CONSTANT_CONVERSION = YES;
				CLANG_WARN_DIRECT_OBJC_ISA_USAGE = YES_ERROR;
				CLANG_WARN_EMPTY_BODY = YES;
				CLANG_WARN_ENUM_CONVERSION = YES;
				CLANG_WARN_INT_CONVERSION = YES;
				CLANG_WARN_OBJC_ROOT_CLASS = YES_ERROR;
				CLANG_WARN_UNREACHABLE_CODE = YES;
				CLANG_WARN__DUPLICATE_METHOD_MATCH = YES;
				"CODE_SIGN_IDENTITY[sdk=iphoneos*]" = "iPhone Developer";
				COPY_PHASE_STRIP = NO;
				DEBUG_INFORMATION_FORMAT = "dwarf-with-dsym";
				ENABLE_NS_ASSERTIONS = NO;
				ENABLE_STRICT_OBJC_MSGSEND = YES;
				GCC_C_LANGUAGE_STANDARD = gnu99;
				GCC_NO_COMMON_BLOCKS = YES;
				GCC_WARN_64_TO_32_BIT_CONVERSION = YES;
				GCC_WARN_ABOUT_RETURN_TYPE = YES_ERROR;
				GCC_WARN_UNDECLARED_SELECTOR = YES;
				GCC_WARN_UNINITIALIZED_AUTOS = YES_AGGRESSIVE;
				GCC_WARN_UNUSED_FUNCTION = YES;
				GCC_WARN_UNUSED_VARIABLE = YES;
				IPHONEOS_DEPLOYMENT_TARGET = 9.1;
				MTL_ENABLE_DEBUG_INFO = NO;
				SDKROOT = iphoneos;
				VALIDATE_PRODUCT = YES;
			};
			name = Release;
		};
		C94F85901C07F78400E17D5E /* Debug */ = {
			isa = XCBuildConfiguration;
			buildSettings = {
				ASSETCATALOG_COMPILER_APPICON_NAME = AppIcon;
				INFOPLIST_FILE = Chat/Info.plist;
				LD_RUNPATH_SEARCH_PATHS = "$(inherited) @executable_path/Frameworks";
				PRODUCT_BUNDLE_IDENTIFIER = cs307.Chat;
				PRODUCT_NAME = "$(TARGET_NAME)";
			};
			name = Debug;
		};
		C94F85911C07F78400E17D5E /* Release */ = {
			isa = XCBuildConfiguration;
			buildSettings = {
				ASSETCATALOG_COMPILER_APPICON_NAME = AppIcon;
				INFOPLIST_FILE = Chat/Info.plist;
				LD_RUNPATH_SEARCH_PATHS = "$(inherited) @executable_path/Frameworks";
				PRODUCT_BUNDLE_IDENTIFIER = cs307.Chat;
				PRODUCT_NAME = "$(TARGET_NAME)";
			};
			name = Release;
		};
/* End XCBuildConfiguration section */

/* Begin XCConfigurationList section */
		C94F85751C07F78400E17D5E /* Build configuration list for PBXProject "Chat" */ = {
			isa = XCConfigurationList;
			buildConfigurations = (
				C94F858D1C07F78400E17D5E /* Debug */,
				C94F858E1C07F78400E17D5E /* Release */,
			);
			defaultConfigurationIsVisible = 0;
			defaultConfigurationName = Release;
		};
		C94F858F1C07F78400E17D5E /* Build configuration list for PBXNativeTarget "Chat" */ = {
			isa = XCConfigurationList;
			buildConfigurations = (
				C94F85901C07F78400E17D5E /* Debug */,
				C94F85911C07F78400E17D5E /* Release */,
			);
			defaultConfigurationIsVisible = 0;
			defaultConfigurationName = Release;
		};
/* End XCConfigurationList section */

/* Begin XCVersionGroup section */
		C94F85841C07F78400E17D5E /* Chat.xcdatamodeld */ = {
			isa = XCVersionGroup;
			children = (
				C94F85851C07F78400E17D5E /* Chat.xcdatamodel */,
			);
			currentVersion = C94F85851C07F78400E17D5E /* Chat.xcdatamodel */;
			path = Chat.xcdatamodeld;
			sourceTree = "<group>";
			versionGroupType = wrapper.xcdatamodel;
		};
/* End XCVersionGroup section */
	};
	rootObject = C94F85721C07F78400E17D5E /* Project object */;
}
